dependencies:
  espressif/esp_websocket_client:
    component_hash: 8280960def8af4f84bc58d2d76f55357cd1387775cbc2e0a6b3ca229aa7e209e
    dependencies:
    - name: idf
      require: private
      version: '>=5.0'
    source:
      registry_url: https://components.espressif.com/
      type: service
    version: 1.3.0
  idf:
    source:
      type: idf
    version: 5.3.1
direct_dependencies:
- espressif/esp_websocket_client
- idf
manifest_hash: 9e10a916df36e61e31ed28a051de534c38d4334692264409612842446bf6735c
target: esp32s3
version: 2.0.0
